// !$*UTF8*$!
{
	archiveVersion = 1;
	classes = {
	};
	objectVersion = 52;
	objects = {

/* Begin PBXBuildFile section */
		1C8134882649608A0028454F /* LocationService.swift in Sources */ = {isa = PBXBuildFile; fileRef = 1C8134872649608A0028454F /* LocationService.swift */; };
		1CB0A0CD2649265A0062C22D /* DaumMap.framework in Frameworks */ = {isa = PBXBuildFile; fileRef = 1CB0A0CC2649265A0062C22D /* DaumMap.framework */; };
		1CB0A0CF264926810062C22D /* QuartzCore.framework in Frameworks */ = {isa = PBXBuildFile; fileRef = 1CB09ED2264923380062C22D /* QuartzCore.framework */; };
		1CB0A0D0264926890062C22D /* SystemConfiguration.framework in Frameworks */ = {isa = PBXBuildFile; fileRef = 1CB09ECE2649232A0062C22D /* SystemConfiguration.framework */; };
		1CB0A0D2264926900062C22D /* Metal.framework in Frameworks */ = {isa = PBXBuildFile; fileRef = 1CB0A0D1264926900062C22D /* Metal.framework */; };
		1CB0A0D32649269F0062C22D /* libsqlite3.tbd in Frameworks */ = {isa = PBXBuildFile; fileRef = 1CB09ED62649234D0062C22D /* libsqlite3.tbd */; };
		1CB0A0D4264926A70062C22D /* libxml2.tbd in Frameworks */ = {isa = PBXBuildFile; fileRef = 1CB09ED5264923470062C22D /* libxml2.tbd */; };
		1CB0A0D5264926AF0062C22D /* libc++.tbd in Frameworks */ = {isa = PBXBuildFile; fileRef = 1CB09ED4264923400062C22D /* libc++.tbd */; };
		1CB0A0D6264927B10062C22D /* CoreLocation.framework in Frameworks */ = {isa = PBXBuildFile; fileRef = 1CB09ED0264923320062C22D /* CoreLocation.framework */; };
		1CB0A0DA26492A130062C22D /* APIService.swift in Sources */ = {isa = PBXBuildFile; fileRef = 1CB0A0D926492A130062C22D /* APIService.swift */; };
		1CDBE4B526490B97009A923B /* AppDelegate.swift in Sources */ = {isa = PBXBuildFile; fileRef = 1CDBE4B426490B97009A923B /* AppDelegate.swift */; };
		1CDBE4B726490B97009A923B /* SceneDelegate.swift in Sources */ = {isa = PBXBuildFile; fileRef = 1CDBE4B626490B97009A923B /* SceneDelegate.swift */; };
		1CDBE4BC26490B97009A923B /* Main.storyboard in Resources */ = {isa = PBXBuildFile; fileRef = 1CDBE4BA26490B97009A923B /* Main.storyboard */; };
		1CDBE4BE26490B98009A923B /* Assets.xcassets in Resources */ = {isa = PBXBuildFile; fileRef = 1CDBE4BD26490B98009A923B /* Assets.xcassets */; };
		1CDBE4C126490B98009A923B /* LaunchScreen.storyboard in Resources */ = {isa = PBXBuildFile; fileRef = 1CDBE4BF26490B98009A923B /* LaunchScreen.storyboard */; };
		1CDBE4C926490BCD009A923B /* HomeViewController.swift in Sources */ = {isa = PBXBuildFile; fileRef = 1CDBE4C826490BCD009A923B /* HomeViewController.swift */; };
		1CDBE4CB26490BD6009A923B /* ChatViewController.swift in Sources */ = {isa = PBXBuildFile; fileRef = 1CDBE4CA26490BD6009A923B /* ChatViewController.swift */; };
		1CDBE4CD26490BE4009A923B /* MessageViewController.swift in Sources */ = {isa = PBXBuildFile; fileRef = 1CDBE4CC26490BE4009A923B /* MessageViewController.swift */; };
		1CDBE4D026490D2B009A923B /* SnapKit in Frameworks */ = {isa = PBXBuildFile; productRef = 1CDBE4CF26490D2B009A923B /* SnapKit */; };
/* End PBXBuildFile section */

/* Begin PBXFileReference section */
		1C8134872649608A0028454F /* LocationService.swift */ = {isa = PBXFileReference; lastKnownFileType = sourcecode.swift; path = LocationService.swift; sourceTree = "<group>"; };
		1CB09ECE2649232A0062C22D /* SystemConfiguration.framework */ = {isa = PBXFileReference; lastKnownFileType = wrapper.framework; name = SystemConfiguration.framework; path = System/Library/Frameworks/SystemConfiguration.framework; sourceTree = SDKROOT; };
		1CB09ED0264923320062C22D /* CoreLocation.framework */ = {isa = PBXFileReference; lastKnownFileType = wrapper.framework; name = CoreLocation.framework; path = System/Library/Frameworks/CoreLocation.framework; sourceTree = SDKROOT; };
		1CB09ED2264923380062C22D /* QuartzCore.framework */ = {isa = PBXFileReference; lastKnownFileType = wrapper.framework; name = QuartzCore.framework; path = System/Library/Frameworks/QuartzCore.framework; sourceTree = SDKROOT; };
		1CB09ED4264923400062C22D /* libc++.tbd */ = {isa = PBXFileReference; lastKnownFileType = "sourcecode.text-based-dylib-definition"; name = "libc++.tbd"; path = "usr/lib/libc++.tbd"; sourceTree = SDKROOT; };
		1CB09ED5264923470062C22D /* libxml2.tbd */ = {isa = PBXFileReference; lastKnownFileType = "sourcecode.text-based-dylib-definition"; name = libxml2.tbd; path = usr/lib/libxml2.tbd; sourceTree = SDKROOT; };
		1CB09ED62649234D0062C22D /* libsqlite3.tbd */ = {isa = PBXFileReference; lastKnownFileType = "sourcecode.text-based-dylib-definition"; name = libsqlite3.tbd; path = usr/lib/libsqlite3.tbd; sourceTree = SDKROOT; };
		1CB0A0C9264923C90062C22D /* KakaoMap-Bridgeheader.h */ = {isa = PBXFileReference; lastKnownFileType = sourcecode.c.h; path = "KakaoMap-Bridgeheader.h"; sourceTree = "<group>"; };
		1CB0A0CC2649265A0062C22D /* DaumMap.framework */ = {isa = PBXFileReference; lastKnownFileType = wrapper.framework; name = DaumMap.framework; path = ../../../Downloads/IOS_DaumMap_SDK_1.4.0/lib/DaumMap.embeddedframework/DaumMap.framework; sourceTree = "<group>"; };
		1CB0A0D1264926900062C22D /* Metal.framework */ = {isa = PBXFileReference; lastKnownFileType = wrapper.framework; name = Metal.framework; path = System/Library/Frameworks/Metal.framework; sourceTree = SDKROOT; };
		1CB0A0D926492A130062C22D /* APIService.swift */ = {isa = PBXFileReference; lastKnownFileType = sourcecode.swift; path = APIService.swift; sourceTree = "<group>"; };
		1CDBE4B126490B97009A923B /* Pessanger.app */ = {isa = PBXFileReference; explicitFileType = wrapper.application; includeInIndex = 0; path = Pessanger.app; sourceTree = BUILT_PRODUCTS_DIR; };
		1CDBE4B426490B97009A923B /* AppDelegate.swift */ = {isa = PBXFileReference; lastKnownFileType = sourcecode.swift; path = AppDelegate.swift; sourceTree = "<group>"; };
		1CDBE4B626490B97009A923B /* SceneDelegate.swift */ = {isa = PBXFileReference; lastKnownFileType = sourcecode.swift; path = SceneDelegate.swift; sourceTree = "<group>"; };
		1CDBE4BB26490B97009A923B /* Base */ = {isa = PBXFileReference; lastKnownFileType = file.storyboard; name = Base; path = Base.lproj/Main.storyboard; sourceTree = "<group>"; };
		1CDBE4BD26490B98009A923B /* Assets.xcassets */ = {isa = PBXFileReference; lastKnownFileType = folder.assetcatalog; path = Assets.xcassets; sourceTree = "<group>"; };
		1CDBE4C026490B98009A923B /* Base */ = {isa = PBXFileReference; lastKnownFileType = file.storyboard; name = Base; path = Base.lproj/LaunchScreen.storyboard; sourceTree = "<group>"; };
		1CDBE4C226490B98009A923B /* Info.plist */ = {isa = PBXFileReference; lastKnownFileType = text.plist.xml; path = Info.plist; sourceTree = "<group>"; };
		1CDBE4C826490BCD009A923B /* HomeViewController.swift */ = {isa = PBXFileReference; lastKnownFileType = sourcecode.swift; path = HomeViewController.swift; sourceTree = "<group>"; };
		1CDBE4CA26490BD6009A923B /* ChatViewController.swift */ = {isa = PBXFileReference; lastKnownFileType = sourcecode.swift; path = ChatViewController.swift; sourceTree = "<group>"; };
		1CDBE4CC26490BE4009A923B /* MessageViewController.swift */ = {isa = PBXFileReference; lastKnownFileType = sourcecode.swift; path = MessageViewController.swift; sourceTree = "<group>"; };
/* End PBXFileReference section */

/* Begin PBXFrameworksBuildPhase section */
		1CDBE4AE26490B97009A923B /* Frameworks */ = {
			isa = PBXFrameworksBuildPhase;
			buildActionMask = 2147483647;
			files = (
				1CB0A0CF264926810062C22D /* QuartzCore.framework in Frameworks */,
				1CB0A0D0264926890062C22D /* SystemConfiguration.framework in Frameworks */,
				1CB0A0D32649269F0062C22D /* libsqlite3.tbd in Frameworks */,
				1CDBE4D026490D2B009A923B /* SnapKit in Frameworks */,
				1CB0A0CD2649265A0062C22D /* DaumMap.framework in Frameworks */,
				1CB0A0D4264926A70062C22D /* libxml2.tbd in Frameworks */,
				1CB0A0D6264927B10062C22D /* CoreLocation.framework in Frameworks */,
				1CB0A0D5264926AF0062C22D /* libc++.tbd in Frameworks */,
				1CB0A0D2264926900062C22D /* Metal.framework in Frameworks */,
			);
			runOnlyForDeploymentPostprocessing = 0;
		};
/* End PBXFrameworksBuildPhase section */

/* Begin PBXGroup section */
		1CB09E1B2649147F0062C22D /* Views */ = {
			isa = PBXGroup;
			children = (
				1CDBE4CA26490BD6009A923B /* ChatViewController.swift */,
				1CDBE4CC26490BE4009A923B /* MessageViewController.swift */,
				1CDBE4C826490BCD009A923B /* HomeViewController.swift */,
			);
			path = Views;
			sourceTree = "<group>";
		};
		1CB09E1C2649148A0062C22D /* Resources */ = {
			isa = PBXGroup;
			children = (
				1CDBE4BA26490B97009A923B /* Main.storyboard */,
				1CDBE4BD26490B98009A923B /* Assets.xcassets */,
				1CDBE4BF26490B98009A923B /* LaunchScreen.storyboard */,
			);
			path = Resources;
			sourceTree = "<group>";
		};
		1CB09ECB264923230062C22D /* Frameworks */ = {
			isa = PBXGroup;
			children = (
				1CB0A0D1264926900062C22D /* Metal.framework */,
				1CB09ED62649234D0062C22D /* libsqlite3.tbd */,
				1CB09ED5264923470062C22D /* libxml2.tbd */,
				1CB09ED4264923400062C22D /* libc++.tbd */,
				1CB09ED2264923380062C22D /* QuartzCore.framework */,
				1CB09ED0264923320062C22D /* CoreLocation.framework */,
				1CB09ECE2649232A0062C22D /* SystemConfiguration.framework */,
			);
			name = Frameworks;
			sourceTree = "<group>";
		};
		1CB0A0C8264923880062C22D /* Header */ = {
			isa = PBXGroup;
			children = (
				1CB0A0C9264923C90062C22D /* KakaoMap-Bridgeheader.h */,
			);
			path = Header;
			sourceTree = "<group>";
		};
		1CB0A0D826492A040062C22D /* Service */ = {
			isa = PBXGroup;
			children = (
				1CB0A0D926492A130062C22D /* APIService.swift */,
				1C8134872649608A0028454F /* LocationService.swift */,
			);
			path = Service;
			sourceTree = "<group>";
		};
		1CDBE4A826490B97009A923B = {
			isa = PBXGroup;
			children = (
				1CDBE4B326490B97009A923B /* Pessanger */,
				1CDBE4B226490B97009A923B /* Products */,
				1CB09ECB264923230062C22D /* Frameworks */,
			);
			sourceTree = "<group>";
		};
		1CDBE4B226490B97009A923B /* Products */ = {
			isa = PBXGroup;
			children = (
				1CDBE4B126490B97009A923B /* Pessanger.app */,
			);
			name = Products;
			sourceTree = "<group>";
		};
		1CDBE4B326490B97009A923B /* Pessanger */ = {
			isa = PBXGroup;
			children = (
				1CB0A0D826492A040062C22D /* Service */,
				1CB0A0CC2649265A0062C22D /* DaumMap.framework */,
				1CB0A0C8264923880062C22D /* Header */,
				1CDBE4B426490B97009A923B /* AppDelegate.swift */,
				1CDBE4B626490B97009A923B /* SceneDelegate.swift */,
				1CB09E1C2649148A0062C22D /* Resources */,
				1CB09E1B2649147F0062C22D /* Views */,
				1CDBE4C226490B98009A923B /* Info.plist */,
			);
			path = Pessanger;
			sourceTree = "<group>";
		};
/* End PBXGroup section */

/* Begin PBXNativeTarget section */
		1CDBE4B026490B97009A923B /* Pessanger */ = {
			isa = PBXNativeTarget;
			buildConfigurationList = 1CDBE4C526490B98009A923B /* Build configuration list for PBXNativeTarget "Pessanger" */;
			buildPhases = (
				1CDBE4AD26490B97009A923B /* Sources */,
				1CDBE4AE26490B97009A923B /* Frameworks */,
				1CDBE4AF26490B97009A923B /* Resources */,
			);
			buildRules = (
			);
			dependencies = (
			);
			name = Pessanger;
			packageProductDependencies = (
				1CDBE4CF26490D2B009A923B /* SnapKit */,
			);
			productName = Pessanger;
			productReference = 1CDBE4B126490B97009A923B /* Pessanger.app */;
			productType = "com.apple.product-type.application";
		};
/* End PBXNativeTarget section */

/* Begin PBXProject section */
		1CDBE4A926490B97009A923B /* Project object */ = {
			isa = PBXProject;
			attributes = {
				LastSwiftUpdateCheck = 1250;
				LastUpgradeCheck = 1250;
				TargetAttributes = {
					1CDBE4B026490B97009A923B = {
						CreatedOnToolsVersion = 12.5;
					};
				};
			};
			buildConfigurationList = 1CDBE4AC26490B97009A923B /* Build configuration list for PBXProject "Pessanger" */;
			compatibilityVersion = "Xcode 9.3";
			developmentRegion = en;
			hasScannedForEncodings = 0;
			knownRegions = (
				en,
				Base,
			);
			mainGroup = 1CDBE4A826490B97009A923B;
			packageReferences = (
				1CDBE4CE26490D2B009A923B /* XCRemoteSwiftPackageReference "SnapKit" */,
			);
			productRefGroup = 1CDBE4B226490B97009A923B /* Products */;
			projectDirPath = "";
			projectRoot = "";
			targets = (
				1CDBE4B026490B97009A923B /* Pessanger */,
			);
		};
/* End PBXProject section */

/* Begin PBXResourcesBuildPhase section */
		1CDBE4AF26490B97009A923B /* Resources */ = {
			isa = PBXResourcesBuildPhase;
			buildActionMask = 2147483647;
			files = (
				1CDBE4C126490B98009A923B /* LaunchScreen.storyboard in Resources */,
				1CDBE4BE26490B98009A923B /* Assets.xcassets in Resources */,
				1CDBE4BC26490B97009A923B /* Main.storyboard in Resources */,
			);
			runOnlyForDeploymentPostprocessing = 0;
		};
/* End PBXResourcesBuildPhase section */

/* Begin PBXSourcesBuildPhase section */
		1CDBE4AD26490B97009A923B /* Sources */ = {
			isa = PBXSourcesBuildPhase;
			buildActionMask = 2147483647;
			files = (
				1C8134882649608A0028454F /* LocationService.swift in Sources */,
				1CDBE4B526490B97009A923B /* AppDelegate.swift in Sources */,
				1CDBE4B726490B97009A923B /* SceneDelegate.swift in Sources */,
				1CDBE4CB26490BD6009A923B /* ChatViewController.swift in Sources */,
				1CDBE4CD26490BE4009A923B /* MessageViewController.swift in Sources */,
				1CB0A0DA26492A130062C22D /* APIService.swift in Sources */,
				1CDBE4C926490BCD009A923B /* HomeViewController.swift in Sources */,
			);
			runOnlyForDeploymentPostprocessing = 0;
		};
/* End PBXSourcesBuildPhase section */

/* Begin PBXVariantGroup section */
		1CDBE4BA26490B97009A923B /* Main.storyboard */ = {
			isa = PBXVariantGroup;
			children = (
				1CDBE4BB26490B97009A923B /* Base */,
			);
			name = Main.storyboard;
			sourceTree = "<group>";
		};
		1CDBE4BF26490B98009A923B /* LaunchScreen.storyboard */ = {
			isa = PBXVariantGroup;
			children = (
				1CDBE4C026490B98009A923B /* Base */,
			);
			name = LaunchScreen.storyboard;
			sourceTree = "<group>";
		};
/* End PBXVariantGroup section */

/* Begin XCBuildConfiguration section */
		1CDBE4C326490B98009A923B /* Debug */ = {
			isa = XCBuildConfiguration;
			buildSettings = {
				ALWAYS_SEARCH_USER_PATHS = NO;
				CLANG_ANALYZER_NONNULL = YES;
				CLANG_ANALYZER_NUMBER_OBJECT_CONVERSION = YES_AGGRESSIVE;
				CLANG_CXX_LANGUAGE_STANDARD = "gnu++14";
				CLANG_CXX_LIBRARY = "libc++";
				CLANG_ENABLE_MODULES = YES;
				CLANG_ENABLE_OBJC_ARC = YES;
				CLANG_ENABLE_OBJC_WEAK = YES;
				CLANG_WARN_BLOCK_CAPTURE_AUTORELEASING = YES;
				CLANG_WARN_BOOL_CONVERSION = YES;
				CLANG_WARN_COMMA = YES;
				CLANG_WARN_CONSTANT_CONVERSION = YES;
				CLANG_WARN_DEPRECATED_OBJC_IMPLEMENTATIONS = YES;
				CLANG_WARN_DIRECT_OBJC_ISA_USAGE = YES_ERROR;
				CLANG_WARN_DOCUMENTATION_COMMENTS = YES;
				CLANG_WARN_EMPTY_BODY = YES;
				CLANG_WARN_ENUM_CONVERSION = YES;
				CLANG_WARN_INFINITE_RECURSION = YES;
				CLANG_WARN_INT_CONVERSION = YES;
				CLANG_WARN_NON_LITERAL_NULL_CONVERSION = YES;
				CLANG_WARN_OBJC_IMPLICIT_RETAIN_SELF = YES;
				CLANG_WARN_OBJC_LITERAL_CONVERSION = YES;
				CLANG_WARN_OBJC_ROOT_CLASS = YES_ERROR;
				CLANG_WARN_QUOTED_INCLUDE_IN_FRAMEWORK_HEADER = YES;
				CLANG_WARN_RANGE_LOOP_ANALYSIS = YES;
				CLANG_WARN_STRICT_PROTOTYPES = YES;
				CLANG_WARN_SUSPICIOUS_MOVE = YES;
				CLANG_WARN_UNGUARDED_AVAILABILITY = YES_AGGRESSIVE;
				CLANG_WARN_UNREACHABLE_CODE = YES;
				CLANG_WARN__DUPLICATE_METHOD_MATCH = YES;
				COPY_PHASE_STRIP = NO;
				DEBUG_INFORMATION_FORMAT = dwarf;
				ENABLE_STRICT_OBJC_MSGSEND = YES;
				ENABLE_TESTABILITY = YES;
				GCC_C_LANGUAGE_STANDARD = gnu11;
				GCC_DYNAMIC_NO_PIC = NO;
				GCC_NO_COMMON_BLOCKS = YES;
				GCC_OPTIMIZATION_LEVEL = 0;
				GCC_PREPROCESSOR_DEFINITIONS = (
					"DEBUG=1",
					"$(inherited)",
				);
				GCC_WARN_64_TO_32_BIT_CONVERSION = YES;
				GCC_WARN_ABOUT_RETURN_TYPE = YES_ERROR;
				GCC_WARN_UNDECLARED_SELECTOR = YES;
				GCC_WARN_UNINITIALIZED_AUTOS = YES_AGGRESSIVE;
				GCC_WARN_UNUSED_FUNCTION = YES;
				GCC_WARN_UNUSED_VARIABLE = YES;
				IPHONEOS_DEPLOYMENT_TARGET = 14.5;
				MTL_ENABLE_DEBUG_INFO = INCLUDE_SOURCE;
				MTL_FAST_MATH = YES;
				ONLY_ACTIVE_ARCH = YES;
				SDKROOT = iphoneos;
				SWIFT_ACTIVE_COMPILATION_CONDITIONS = DEBUG;
				SWIFT_OPTIMIZATION_LEVEL = "-Onone";
			};
			name = Debug;
		};
		1CDBE4C426490B98009A923B /* Release */ = {
			isa = XCBuildConfiguration;
			buildSettings = {
				ALWAYS_SEARCH_USER_PATHS = NO;
				CLANG_ANALYZER_NONNULL = YES;
				CLANG_ANALYZER_NUMBER_OBJECT_CONVERSION = YES_AGGRESSIVE;
				CLANG_CXX_LANGUAGE_STANDARD = "gnu++14";
				CLANG_CXX_LIBRARY = "libc++";
				CLANG_ENABLE_MODULES = YES;
				CLANG_ENABLE_OBJC_ARC = YES;
				CLANG_ENABLE_OBJC_WEAK = YES;
				CLANG_WARN_BLOCK_CAPTURE_AUTORELEASING = YES;
				CLANG_WARN_BOOL_CONVERSION = YES;
				CLANG_WARN_COMMA = YES;
				CLANG_WARN_CONSTANT_CONVERSION = YES;
				CLANG_WARN_DEPRECATED_OBJC_IMPLEMENTATIONS = YES;
				CLANG_WARN_DIRECT_OBJC_ISA_USAGE = YES_ERROR;
				CLANG_WARN_DOCUMENTATION_COMMENTS = YES;
				CLANG_WARN_EMPTY_BODY = YES;
				CLANG_WARN_ENUM_CONVERSION = YES;
				CLANG_WARN_INFINITE_RECURSION = YES;
				CLANG_WARN_INT_CONVERSION = YES;
				CLANG_WARN_NON_LITERAL_NULL_CONVERSION = YES;
				CLANG_WARN_OBJC_IMPLICIT_RETAIN_SELF = YES;
				CLANG_WARN_OBJC_LITERAL_CONVERSION = YES;
				CLANG_WARN_OBJC_ROOT_CLASS = YES_ERROR;
				CLANG_WARN_QUOTED_INCLUDE_IN_FRAMEWORK_HEADER = YES;
				CLANG_WARN_RANGE_LOOP_ANALYSIS = YES;
				CLANG_WARN_STRICT_PROTOTYPES = YES;
				CLANG_WARN_SUSPICIOUS_MOVE = YES;
				CLANG_WARN_UNGUARDED_AVAILABILITY = YES_AGGRESSIVE;
				CLANG_WARN_UNREACHABLE_CODE = YES;
				CLANG_WARN__DUPLICATE_METHOD_MATCH = YES;
				COPY_PHASE_STRIP = NO;
				DEBUG_INFORMATION_FORMAT = "dwarf-with-dsym";
				ENABLE_NS_ASSERTIONS = NO;
				ENABLE_STRICT_OBJC_MSGSEND = YES;
				GCC_C_LANGUAGE_STANDARD = gnu11;
				GCC_NO_COMMON_BLOCKS = YES;
				GCC_WARN_64_TO_32_BIT_CONVERSION = YES;
				GCC_WARN_ABOUT_RETURN_TYPE = YES_ERROR;
				GCC_WARN_UNDECLARED_SELECTOR = YES;
				GCC_WARN_UNINITIALIZED_AUTOS = YES_AGGRESSIVE;
				GCC_WARN_UNUSED_FUNCTION = YES;
				GCC_WARN_UNUSED_VARIABLE = YES;
				IPHONEOS_DEPLOYMENT_TARGET = 14.5;
				MTL_ENABLE_DEBUG_INFO = NO;
				MTL_FAST_MATH = YES;
				SDKROOT = iphoneos;
				SWIFT_COMPILATION_MODE = wholemodule;
				SWIFT_OPTIMIZATION_LEVEL = "-O";
				VALIDATE_PRODUCT = YES;
			};
			name = Release;
		};
		1CDBE4C626490B98009A923B /* Debug */ = {
			isa = XCBuildConfiguration;
			buildSettings = {
				ASSETCATALOG_COMPILER_APPICON_NAME = AppIcon;
				ASSETCATALOG_COMPILER_GLOBAL_ACCENT_COLOR_NAME = AccentColor;
				CLANG_ENABLE_OBJC_ARC = NO;
				CODE_SIGN_STYLE = Automatic;
				DEVELOPMENT_TEAM = 5LZNHGFB8C;
				FRAMEWORK_SEARCH_PATHS = (
					"$(inherited)",
					"$(PROJECT_DIR)/Pessanger",
				);
				INFOPLIST_FILE = Pessanger/Info.plist;
				LD_RUNPATH_SEARCH_PATHS = (
					"$(inherited)",
					"@executable_path/Frameworks",
				);
				PRODUCT_BUNDLE_IDENTIFIER = heyziin.Pessanger;
				PRODUCT_NAME = "$(TARGET_NAME)";
				SWIFT_OBJC_BRIDGING_HEADER = "/Users/keen/Practice/Pessanger/Pessanger/Header/KakaoMap-BridgeHeader.h";
				SWIFT_VERSION = 5.0;
				TARGETED_DEVICE_FAMILY = 1;
			};
			name = Debug;
		};
		1CDBE4C726490B98009A923B /* Release */ = {
			isa = XCBuildConfiguration;
			buildSettings = {
				ASSETCATALOG_COMPILER_APPICON_NAME = AppIcon;
				ASSETCATALOG_COMPILER_GLOBAL_ACCENT_COLOR_NAME = AccentColor;
				CLANG_ENABLE_OBJC_ARC = NO;
				CODE_SIGN_STYLE = Automatic;
				DEVELOPMENT_TEAM = 5LZNHGFB8C;
				FRAMEWORK_SEARCH_PATHS = (
					"$(inherited)",
					"$(PROJECT_DIR)/Pessanger",
				);
				INFOPLIST_FILE = Pessanger/Info.plist;
				LD_RUNPATH_SEARCH_PATHS = (
					"$(inherited)",
					"@executable_path/Frameworks",
				);
				PRODUCT_BUNDLE_IDENTIFIER = heyziin.Pessanger;
				PRODUCT_NAME = "$(TARGET_NAME)";
				SWIFT_OBJC_BRIDGING_HEADER = "/Users/keen/Practice/Pessanger/Pessanger/Header/KakaoMap-BridgeHeader.h";
				SWIFT_VERSION = 5.0;
				TARGETED_DEVICE_FAMILY = 1;
			};
			name = Release;
		};
/* End XCBuildConfiguration section */

/* Begin XCConfigurationList section */
		1CDBE4AC26490B97009A923B /* Build configuration list for PBXProject "Pessanger" */ = {
			isa = XCConfigurationList;
			buildConfigurations = (
				1CDBE4C326490B98009A923B /* Debug */,
				1CDBE4C426490B98009A923B /* Release */,
			);
			defaultConfigurationIsVisible = 0;
			defaultConfigurationName = Release;
		};
		1CDBE4C526490B98009A923B /* Build configuration list for PBXNativeTarget "Pessanger" */ = {
			isa = XCConfigurationList;
			buildConfigurations = (
				1CDBE4C626490B98009A923B /* Debug */,
				1CDBE4C726490B98009A923B /* Release */,
			);
			defaultConfigurationIsVisible = 0;
			defaultConfigurationName = Release;
		};
/* End XCConfigurationList section */

/* Begin XCRemoteSwiftPackageReference section */
		1CDBE4CE26490D2B009A923B /* XCRemoteSwiftPackageReference "SnapKit" */ = {
			isa = XCRemoteSwiftPackageReference;
			repositoryURL = "https://github.com/SnapKit/SnapKit";
			requirement = {
				kind = upToNextMajorVersion;
				minimumVersion = 5.0.1;
			};
		};
/* End XCRemoteSwiftPackageReference section */

/* Begin XCSwiftPackageProductDependency section */
		1CDBE4CF26490D2B009A923B /* SnapKit */ = {
			isa = XCSwiftPackageProductDependency;
			package = 1CDBE4CE26490D2B009A923B /* XCRemoteSwiftPackageReference "SnapKit" */;
			productName = SnapKit;
		};
/* End XCSwiftPackageProductDependency section */
	};
	rootObject = 1CDBE4A926490B97009A923B /* Project object */;
}
